
Microsoft Visual Studio Solution File, Format Version 12.00
# Visual Studio 15
VisualStudioVersion = 15.0.27703.2042
MinimumVisualStudioVersion = 10.0.40219.1
Project("{8BC9CEB8-8B4A-11D0-8D11-00A0C91BC942}") = "ecs", "ecs\ecs.vcxproj", "{1EB74C68-A275-4D11-AC18-210255E89913}"
EndProject
Global
	GlobalSection(SolutionConfigurationPlatforms) = preSolution
		Debug|x64 = Debug|x64
		Debug|x86 = Debug|x86
		Release|x64 = Release|x64
		Release|x86 = Release|x86
	EndGlobalSection
	GlobalSection(ProjectConfigurationPlatforms) = postSolution
		{1EB74C68-A275-4D11-AC18-210255E89913}.Debug|x64.ActiveCfg = Debug|x64
		{1EB74C68-A275-4D11-AC18-210255E89913}.Debug|x64.Build.0 = Debug|x64
		{1EB74C68-A275-4D11-AC18-210255E89913}.Debug|x86.ActiveCfg = Debug|Win32
		{1EB74C68-A275-4D11-AC18-210255E89913}.Debug|x86.Build.0 = Debug|Win32
		{1EB74C68-A275-4D11-AC18-210255E89913}.Release|x64.ActiveCfg = Release|x64
		{1EB74C68-A275-4D11-AC18-210255E89913}.Release|x64.Build.0 = Release|x64
		{1EB74C68-A275-4D11-AC18-210255E89913}.Release|x86.ActiveCfg = Release|Win32
		{1EB74C68-A275-4D11-AC18-210255E89913}.Release|x86.Build.0 = Release|Win32
	EndGlobalSection
	GlobalSection(SolutionProperties) = preSolution
		HideSolutionNode = FALSE
	EndGlobalSection
	GlobalSection(ExtensibilityGlobals) = postSolution
		SolutionGuid = {5224049A-9042-40FC-9DE9-0F20A4410967}
	EndGlobalSection
EndGlobal
